
Microsoft Visual Studio Solution File, Format Version 12.00
# Visual Studio Version 17
VisualStudioVersion = 17.5.33424.131
MinimumVisualStudioVersion = 10.0.40219.1
Project("{2150E333-8FDC-42A3-9474-1A3956D46DE8}") = "Data", "Data", "{C770C82A-771B-481E-9E32-7DB342C42CA9}"
EndProject
Project("{9A19103F-16F7-4668-BE54-9A1E7A4F7556}") = "OrderInvoice_DL", "Data\OrderInvoice_DL\OrderInvoice_DL.csproj", "{D467BBD9-C52C-4420-89CB-18282A0C9FD2}"
	ProjectSection(ProjectDependencies) = postProject
		{54C9916F-3248-437C-BDEE-88ED68DDB14F} = {54C9916F-3248-437C-BDEE-88ED68DDB14F}
	EndProjectSection
EndProject
Project("{00D1A9C2-B5F0-4AF3-8072-F6C62B433612}") = "Database", "Data\Database\Database.sqlproj", "{7B21D94D-6FD9-4165-9C10-0BB1A8A7ABE6}"
EndProject
Project("{2150E333-8FDC-42A3-9474-1A3956D46DE8}") = "Bussiness", "Bussiness", "{3C16EB55-B03A-4317-AA01-FE50197E778C}"
EndProject
Project("{9A19103F-16F7-4668-BE54-9A1E7A4F7556}") = "OrderInvoice_BL", "Bussiness\OrderInvoice_BL\OrderInvoice_BL.csproj", "{282E4EB7-93FD-4FC6-93CF-438342AF176B}"
EndProject
Project("{2150E333-8FDC-42A3-9474-1A3956D46DE8}") = "CrossCutting", "CrossCutting", "{D2893FD1-F044-40B1-AC94-00B9730D8EA4}"
EndProject
Project("{9A19103F-16F7-4668-BE54-9A1E7A4F7556}") = "OrderInvoice_Interfaces", "CrossCutting\OrderInvoice_Interfaces\OrderInvoice_Interfaces.csproj", "{654BF827-35B4-4EBA-8CB7-134B4D4A8D6E}"
EndProject
Project("{9A19103F-16F7-4668-BE54-9A1E7A4F7556}") = "Utilites", "CrossCutting\Utilites\Utilites.csproj", "{54C9916F-3248-437C-BDEE-88ED68DDB14F}"
EndProject
Project("{9A19103F-16F7-4668-BE54-9A1E7A4F7556}") = "Exceptions", "CrossCutting\Exceptions\Exceptions.csproj", "{9869597B-36C2-4343-9E03-8D473E946D8D}"
EndProject
Project("{9A19103F-16F7-4668-BE54-9A1E7A4F7556}") = "Encryption", "CrossCutting\Encryption\Encryption.csproj", "{857E4EF6-AD0D-485A-BEEE-F803BBEC444C}"
EndProject
Project("{9A19103F-16F7-4668-BE54-9A1E7A4F7556}") = "MathParser", "CrossCutting\MathParser\MathParser.csproj", "{AF27504D-111A-4A1A-B150-9161318094A4}"
EndProject
Project("{2150E333-8FDC-42A3-9474-1A3956D46DE8}") = "Tests", "Tests", "{FF00109C-BDE3-4401-B9F9-8CDEF08E8375}"
EndProject
Project("{9A19103F-16F7-4668-BE54-9A1E7A4F7556}") = "CompositionRoot", "CompositionRoot\CompositionRoot.csproj", "{7BCECDCB-0A73-473E-8F2E-1D75DDA7A654}"
EndProject
Project("{9A19103F-16F7-4668-BE54-9A1E7A4F7556}") = "OrderInvoice_BL_UnitTests", "Tests\OrderInvoice_BL_UnitTests\OrderInvoice_BL_UnitTests.csproj", "{07FE0012-BA02-47F0-AD09-2EFE0E841136}"
EndProject
Project("{FAE04EC0-301F-11D3-BF4B-00C04F79EFBC}") = "NUnit.LayerIntragrationTests", "Tests\NUnit.LayerIntragrationTests\NUnit.LayerIntragrationTests.csproj", "{8EDF4429-251A-416D-BB68-93F227191BCF}"
EndProject
Project("{2150E333-8FDC-42A3-9474-1A3956D46DE8}") = "Service", "Service", "{DA2D23A3-61EB-4CA3-92AE-A7D7D2D0EBC4}"
EndProject
Project("{9A19103F-16F7-4668-BE54-9A1E7A4F7556}") = "OrderInvoiceService", "Service\OrderInvoiceService\OrderInvoiceService.csproj", "{331FFAB4-E7AE-48FE-AC20-0A1A03CD28A9}"
EndProject
Global
	GlobalSection(SolutionConfigurationPlatforms) = preSolution
		Debug|Any CPU = Debug|Any CPU
		Release|Any CPU = Release|Any CPU
	EndGlobalSection
	GlobalSection(ProjectConfigurationPlatforms) = postSolution
		{D467BBD9-C52C-4420-89CB-18282A0C9FD2}.Debug|Any CPU.ActiveCfg = Debug|Any CPU
		{D467BBD9-C52C-4420-89CB-18282A0C9FD2}.Debug|Any CPU.Build.0 = Debug|Any CPU
		{D467BBD9-C52C-4420-89CB-18282A0C9FD2}.Release|Any CPU.ActiveCfg = Release|Any CPU
		{D467BBD9-C52C-4420-89CB-18282A0C9FD2}.Release|Any CPU.Build.0 = Release|Any CPU
		{7B21D94D-6FD9-4165-9C10-0BB1A8A7ABE6}.Debug|Any CPU.ActiveCfg = Debug|Any CPU
		{7B21D94D-6FD9-4165-9C10-0BB1A8A7ABE6}.Debug|Any CPU.Build.0 = Debug|Any CPU
		{7B21D94D-6FD9-4165-9C10-0BB1A8A7ABE6}.Debug|Any CPU.Deploy.0 = Debug|Any CPU
		{7B21D94D-6FD9-4165-9C10-0BB1A8A7ABE6}.Release|Any CPU.ActiveCfg = Release|Any CPU
		{7B21D94D-6FD9-4165-9C10-0BB1A8A7ABE6}.Release|Any CPU.Build.0 = Release|Any CPU
		{7B21D94D-6FD9-4165-9C10-0BB1A8A7ABE6}.Release|Any CPU.Deploy.0 = Release|Any CPU
		{282E4EB7-93FD-4FC6-93CF-438342AF176B}.Debug|Any CPU.ActiveCfg = Debug|Any CPU
		{282E4EB7-93FD-4FC6-93CF-438342AF176B}.Debug|Any CPU.Build.0 = Debug|Any CPU
		{282E4EB7-93FD-4FC6-93CF-438342AF176B}.Release|Any CPU.ActiveCfg = Release|Any CPU
		{282E4EB7-93FD-4FC6-93CF-438342AF176B}.Release|Any CPU.Build.0 = Release|Any CPU
		{654BF827-35B4-4EBA-8CB7-134B4D4A8D6E}.Debug|Any CPU.ActiveCfg = Debug|Any CPU
		{654BF827-35B4-4EBA-8CB7-134B4D4A8D6E}.Debug|Any CPU.Build.0 = Debug|Any CPU
		{654BF827-35B4-4EBA-8CB7-134B4D4A8D6E}.Release|Any CPU.ActiveCfg = Release|Any CPU
		{654BF827-35B4-4EBA-8CB7-134B4D4A8D6E}.Release|Any CPU.Build.0 = Release|Any CPU
		{54C9916F-3248-437C-BDEE-88ED68DDB14F}.Debug|Any CPU.ActiveCfg = Debug|Any CPU
		{54C9916F-3248-437C-BDEE-88ED68DDB14F}.Debug|Any CPU.Build.0 = Debug|Any CPU
		{54C9916F-3248-437C-BDEE-88ED68DDB14F}.Release|Any CPU.ActiveCfg = Release|Any CPU
		{54C9916F-3248-437C-BDEE-88ED68DDB14F}.Release|Any CPU.Build.0 = Release|Any CPU
		{9869597B-36C2-4343-9E03-8D473E946D8D}.Debug|Any CPU.ActiveCfg = Debug|Any CPU
		{9869597B-36C2-4343-9E03-8D473E946D8D}.Debug|Any CPU.Build.0 = Debug|Any CPU
		{9869597B-36C2-4343-9E03-8D473E946D8D}.Release|Any CPU.ActiveCfg = Release|Any CPU
		{9869597B-36C2-4343-9E03-8D473E946D8D}.Release|Any CPU.Build.0 = Release|Any CPU
		{857E4EF6-AD0D-485A-BEEE-F803BBEC444C}.Debug|Any CPU.ActiveCfg = Debug|Any CPU
		{857E4EF6-AD0D-485A-BEEE-F803BBEC444C}.Debug|Any CPU.Build.0 = Debug|Any CPU
		{857E4EF6-AD0D-485A-BEEE-F803BBEC444C}.Release|Any CPU.ActiveCfg = Release|Any CPU
		{857E4EF6-AD0D-485A-BEEE-F803BBEC444C}.Release|Any CPU.Build.0 = Release|Any CPU
		{AF27504D-111A-4A1A-B150-9161318094A4}.Debug|Any CPU.ActiveCfg = Debug|Any CPU
		{AF27504D-111A-4A1A-B150-9161318094A4}.Debug|Any CPU.Build.0 = Debug|Any CPU
		{AF27504D-111A-4A1A-B150-9161318094A4}.Release|Any CPU.ActiveCfg = Release|Any CPU
		{AF27504D-111A-4A1A-B150-9161318094A4}.Release|Any CPU.Build.0 = Release|Any CPU
		{7BCECDCB-0A73-473E-8F2E-1D75DDA7A654}.Debug|Any CPU.ActiveCfg = Debug|Any CPU
		{7BCECDCB-0A73-473E-8F2E-1D75DDA7A654}.Debug|Any CPU.Build.0 = Debug|Any CPU
		{7BCECDCB-0A73-473E-8F2E-1D75DDA7A654}.Release|Any CPU.ActiveCfg = Release|Any CPU
		{7BCECDCB-0A73-473E-8F2E-1D75DDA7A654}.Release|Any CPU.Build.0 = Release|Any CPU
		{07FE0012-BA02-47F0-AD09-2EFE0E841136}.Debug|Any CPU.ActiveCfg = Debug|Any CPU
		{07FE0012-BA02-47F0-AD09-2EFE0E841136}.Debug|Any CPU.Build.0 = Debug|Any CPU
		{07FE0012-BA02-47F0-AD09-2EFE0E841136}.Release|Any CPU.ActiveCfg = Release|Any CPU
		{07FE0012-BA02-47F0-AD09-2EFE0E841136}.Release|Any CPU.Build.0 = Release|Any CPU
		{8EDF4429-251A-416D-BB68-93F227191BCF}.Debug|Any CPU.ActiveCfg = Debug|Any CPU
		{8EDF4429-251A-416D-BB68-93F227191BCF}.Debug|Any CPU.Build.0 = Debug|Any CPU
		{8EDF4429-251A-416D-BB68-93F227191BCF}.Release|Any CPU.ActiveCfg = Release|Any CPU
		{8EDF4429-251A-416D-BB68-93F227191BCF}.Release|Any CPU.Build.0 = Release|Any CPU
		{331FFAB4-E7AE-48FE-AC20-0A1A03CD28A9}.Debug|Any CPU.ActiveCfg = Debug|Any CPU
		{331FFAB4-E7AE-48FE-AC20-0A1A03CD28A9}.Debug|Any CPU.Build.0 = Debug|Any CPU
		{331FFAB4-E7AE-48FE-AC20-0A1A03CD28A9}.Release|Any CPU.ActiveCfg = Release|Any CPU
		{331FFAB4-E7AE-48FE-AC20-0A1A03CD28A9}.Release|Any CPU.Build.0 = Release|Any CPU
	EndGlobalSection
	GlobalSection(SolutionProperties) = preSolution
		HideSolutionNode = FALSE
	EndGlobalSection
	GlobalSection(NestedProjects) = preSolution
		{D467BBD9-C52C-4420-89CB-18282A0C9FD2} = {C770C82A-771B-481E-9E32-7DB342C42CA9}
		{7B21D94D-6FD9-4165-9C10-0BB1A8A7ABE6} = {C770C82A-771B-481E-9E32-7DB342C42CA9}
		{282E4EB7-93FD-4FC6-93CF-438342AF176B} = {3C16EB55-B03A-4317-AA01-FE50197E778C}
		{654BF827-35B4-4EBA-8CB7-134B4D4A8D6E} = {3C16EB55-B03A-4317-AA01-FE50197E778C}
		{54C9916F-3248-437C-BDEE-88ED68DDB14F} = {D2893FD1-F044-40B1-AC94-00B9730D8EA4}
		{9869597B-36C2-4343-9E03-8D473E946D8D} = {D2893FD1-F044-40B1-AC94-00B9730D8EA4}
		{857E4EF6-AD0D-485A-BEEE-F803BBEC444C} = {D2893FD1-F044-40B1-AC94-00B9730D8EA4}
		{AF27504D-111A-4A1A-B150-9161318094A4} = {D2893FD1-F044-40B1-AC94-00B9730D8EA4}
		{07FE0012-BA02-47F0-AD09-2EFE0E841136} = {FF00109C-BDE3-4401-B9F9-8CDEF08E8375}
		{8EDF4429-251A-416D-BB68-93F227191BCF} = {FF00109C-BDE3-4401-B9F9-8CDEF08E8375}
		{331FFAB4-E7AE-48FE-AC20-0A1A03CD28A9} = {DA2D23A3-61EB-4CA3-92AE-A7D7D2D0EBC4}
	EndGlobalSection
	GlobalSection(ExtensibilityGlobals) = postSolution
		SolutionGuid = {00AA5818-D7F9-40AA-9CBA-126344ADAA87}
	EndGlobalSection
EndGlobal
